{
  "name": "code-quality-tools-assessment-script",
  "version": "1.0.0",
  "lockfileVersion": 2,
  "requires": true,
  "packages": {
    "": {
      "name": "code-quality-tools-assessment-script",
      "version": "1.0.0",
      "license": "ISC",
      "bin": {
        "code-quality-tools-assessment-script": "index.js"
      }
    }
  }
}
